
Microsoft Visual Studio Solution File, Format Version 12.00
# Visual Studio Version 16
VisualStudioVersion = 16.0.30804.86
MinimumVisualStudioVersion = 10.0.40219.1
Project("{FAE04EC0-301F-11D3-BF4B-00C04F79EFBC}") = "DB_System.UI", "DB_System.UI\DB_System.UI.csproj", "{042C7D08-B529-4390-BDD7-33BA4C4C6E11}"
EndProject
Project("{FAE04EC0-301F-11D3-BF4B-00C04F79EFBC}") = "DB_System.Application", "DB_System.Application\DB_System.Application.csproj", "{1FC4E55A-C14D-4ED8-88F9-F01D1CDC242C}"
EndProject
Project("{FAE04EC0-301F-11D3-BF4B-00C04F79EFBC}") = "DB_System.Database", "DB_System.Database\DB_System.Database.csproj", "{6B415978-4084-47A7-9355-046A96936EAB}"
EndProject
Project("{FAE04EC0-301F-11D3-BF4B-00C04F79EFBC}") = "DB_System.Domain", "DB_System.Domain\DB_System.Domain.csproj", "{E84E1399-3784-4A03-A81C-1CBF2B183AB2}"
EndProject
Global
	GlobalSection(SolutionConfigurationPlatforms) = preSolution
		Debug|Any CPU = Debug|Any CPU
		Release|Any CPU = Release|Any CPU
	EndGlobalSection
	GlobalSection(ProjectConfigurationPlatforms) = postSolution
		{042C7D08-B529-4390-BDD7-33BA4C4C6E11}.Debug|Any CPU.ActiveCfg = Debug|Any CPU
		{042C7D08-B529-4390-BDD7-33BA4C4C6E11}.Debug|Any CPU.Build.0 = Debug|Any CPU
		{042C7D08-B529-4390-BDD7-33BA4C4C6E11}.Release|Any CPU.ActiveCfg = Release|Any CPU
		{042C7D08-B529-4390-BDD7-33BA4C4C6E11}.Release|Any CPU.Build.0 = Release|Any CPU
		{1FC4E55A-C14D-4ED8-88F9-F01D1CDC242C}.Debug|Any CPU.ActiveCfg = Debug|Any CPU
		{1FC4E55A-C14D-4ED8-88F9-F01D1CDC242C}.Debug|Any CPU.Build.0 = Debug|Any CPU
		{1FC4E55A-C14D-4ED8-88F9-F01D1CDC242C}.Release|Any CPU.ActiveCfg = Release|Any CPU
		{1FC4E55A-C14D-4ED8-88F9-F01D1CDC242C}.Release|Any CPU.Build.0 = Release|Any CPU
		{6B415978-4084-47A7-9355-046A96936EAB}.Debug|Any CPU.ActiveCfg = Debug|Any CPU
		{6B415978-4084-47A7-9355-046A96936EAB}.Debug|Any CPU.Build.0 = Debug|Any CPU
		{6B415978-4084-47A7-9355-046A96936EAB}.Release|Any CPU.ActiveCfg = Release|Any CPU
		{6B415978-4084-47A7-9355-046A96936EAB}.Release|Any CPU.Build.0 = Release|Any CPU
		{E84E1399-3784-4A03-A81C-1CBF2B183AB2}.Debug|Any CPU.ActiveCfg = Debug|Any CPU
		{E84E1399-3784-4A03-A81C-1CBF2B183AB2}.Debug|Any CPU.Build.0 = Debug|Any CPU
		{E84E1399-3784-4A03-A81C-1CBF2B183AB2}.Release|Any CPU.ActiveCfg = Release|Any CPU
		{E84E1399-3784-4A03-A81C-1CBF2B183AB2}.Release|Any CPU.Build.0 = Release|Any CPU
	EndGlobalSection
	GlobalSection(SolutionProperties) = preSolution
		HideSolutionNode = FALSE
	EndGlobalSection
	GlobalSection(ExtensibilityGlobals) = postSolution
		SolutionGuid = {C3B40D25-84E5-47B9-899A-F884283A3CDD}
	EndGlobalSection
EndGlobal
